
Microsoft Visual Studio Solution File, Format Version 12.00
# Visual Studio 2013
VisualStudioVersion = 12.0.21005.1
MinimumVisualStudioVersion = 10.0.40219.1
Project("{FAE04EC0-301F-11D3-BF4B-00C04F79EFBC}") = "BasicTest", "BasicTest\BasicTest.csproj", "{0972FD39-3A3C-4A4C-B767-0E2E6013FB51}"
EndProject
Project("{2150E333-8FDC-42A3-9474-1A3956D46DE8}") = "SpringTest", "SpringTest", "{296288D7-926D-46A2-9862-D6FB5C7FE6F2}"
EndProject
Project("{FAE04EC0-301F-11D3-BF4B-00C04F79EFBC}") = "01SpringIOC", "01SpringIOC\01SpringIOC.csproj", "{9EBA8C6A-107E-4840-9D91-8398E12858AD}"
EndProject
Project("{FAE04EC0-301F-11D3-BF4B-00C04F79EFBC}") = "Repository", "Repository\Repository.csproj", "{00CCB194-2A7A-4F7B-A708-85C54A7BEAB5}"
EndProject
Project("{FAE04EC0-301F-11D3-BF4B-00C04F79EFBC}") = "Model", "Model\Model.csproj", "{71ACEC12-6077-4FDF-9F8E-4AC6F9EEF84D}"
EndProject
Project("{FAE04EC0-301F-11D3-BF4B-00C04F79EFBC}") = "Service", "Service\Service.csproj", "{EF06C944-A40A-48FF-A402-D90974B175E7}"
EndProject
Project("{FAE04EC0-301F-11D3-BF4B-00C04F79EFBC}") = "02SpringAop", "02SpringAop\02SpringAop.csproj", "{B1279D6A-D988-4CD6-9FBD-1EE97FD03AC0}"
EndProject
Project("{FAE04EC0-301F-11D3-BF4B-00C04F79EFBC}") = "Aspect", "Aspect\Aspect.csproj", "{FBF7ADEA-7E4F-4FB3-8C92-7621D071DE2F}"
EndProject
Project("{FAE04EC0-301F-11D3-BF4B-00C04F79EFBC}") = "JsoseTest", "JsoseTest\JsoseTest.csproj", "{7534A948-20D0-48DB-BF29-7D03032673C6}"
EndProject
Project("{FAE04EC0-301F-11D3-BF4B-00C04F79EFBC}") = "MvcApi", "MvcApi\MvcApi.csproj", "{3E77DBC0-109F-47B1-A55E-C6BF5D8472D8}"
EndProject
Project("{FAE04EC0-301F-11D3-BF4B-00C04F79EFBC}") = "BootStrap", "BootStrap\BootStrap.csproj", "{3A2EA018-23D4-493D-AF97-B09C07A25388}"
EndProject
Project("{FAE04EC0-301F-11D3-BF4B-00C04F79EFBC}") = "DapperTest", "DapperTest\DapperTest.csproj", "{BDF34798-B49F-448A-98A8-BFC82756C2AE}"
EndProject
Project("{FAE04EC0-301F-11D3-BF4B-00C04F79EFBC}") = "MvcApiSelfHost", "MvcApiSelfHost\MvcApiSelfHost.csproj", "{57BB07B8-74A0-4634-BA85-43291E07EFCD}"
EndProject
Project("{FAE04EC0-301F-11D3-BF4B-00C04F79EFBC}") = "MvcApiClient", "MvcApiClient\MvcApiClient.csproj", "{92786674-AA21-4108-B913-F2C57DC1FC91}"
EndProject
Project("{FAE04EC0-301F-11D3-BF4B-00C04F79EFBC}") = "ExpressionTree", "ExpressionTree\ExpressionTree.csproj", "{BB42947D-7BA4-41BF-AC1B-4AC96368EDB5}"
EndProject
Project("{FAE04EC0-301F-11D3-BF4B-00C04F79EFBC}") = "EFCodeFirst", "EFCodeFirst\EFCodeFirst.csproj", "{59A21CE0-305C-4E3B-85AA-3FE879DE6196}"
EndProject
Project("{FAE04EC0-301F-11D3-BF4B-00C04F79EFBC}") = "QRCoderDemo", "QRCoderDemo\QRCoderDemo.csproj", "{DAE12D0A-F370-44E2-8BBB-DFEFD32D4C7B}"
EndProject
Project("{FAE04EC0-301F-11D3-BF4B-00C04F79EFBC}") = "FileUpLoadAPI", "..\开源net\FileUpLoadAPI-master\FileUpLoadAPI\FileUpLoadAPI.csproj", "{8A1906F0-7039-42BD-BD5C-6991C5B22839}"
EndProject
Project("{2150E333-8FDC-42A3-9474-1A3956D46DE8}") = "Solution Items", "Solution Items", "{B86FCA9B-9DB1-41A8-B109-C20C6FD1BE4A}"
EndProject
Project("{FAE04EC0-301F-11D3-BF4B-00C04F79EFBC}") = "FileUpLoadClient", "..\开源net\FileUpLoadAPI-master\FileUpLoadClient\FileUpLoadClient.csproj", "{4CCF3D30-319B-4B99-B6FA-24741F849E8F}"
EndProject
Project("{FAE04EC0-301F-11D3-BF4B-00C04F79EFBC}") = "GemmyTest", "GemmyTest\GemmyTest.csproj", "{78D0E209-BA67-4FA5-9920-DD281641AD07}"
EndProject
Project("{FAE04EC0-301F-11D3-BF4B-00C04F79EFBC}") = "RedisSub", "RedisSub\RedisSub.csproj", "{8C838E91-60FB-45A0-8F6E-028D4BE4A329}"
EndProject
Global
	GlobalSection(SolutionConfigurationPlatforms) = preSolution
		Debug|Any CPU = Debug|Any CPU
		Release|Any CPU = Release|Any CPU
	EndGlobalSection
	GlobalSection(ProjectConfigurationPlatforms) = postSolution
		{0972FD39-3A3C-4A4C-B767-0E2E6013FB51}.Debug|Any CPU.ActiveCfg = Debug|Any CPU
		{0972FD39-3A3C-4A4C-B767-0E2E6013FB51}.Debug|Any CPU.Build.0 = Debug|Any CPU
		{0972FD39-3A3C-4A4C-B767-0E2E6013FB51}.Release|Any CPU.ActiveCfg = Release|Any CPU
		{0972FD39-3A3C-4A4C-B767-0E2E6013FB51}.Release|Any CPU.Build.0 = Release|Any CPU
		{9EBA8C6A-107E-4840-9D91-8398E12858AD}.Debug|Any CPU.ActiveCfg = Debug|Any CPU
		{9EBA8C6A-107E-4840-9D91-8398E12858AD}.Debug|Any CPU.Build.0 = Debug|Any CPU
		{9EBA8C6A-107E-4840-9D91-8398E12858AD}.Release|Any CPU.ActiveCfg = Release|Any CPU
		{9EBA8C6A-107E-4840-9D91-8398E12858AD}.Release|Any CPU.Build.0 = Release|Any CPU
		{00CCB194-2A7A-4F7B-A708-85C54A7BEAB5}.Debug|Any CPU.ActiveCfg = Debug|Any CPU
		{00CCB194-2A7A-4F7B-A708-85C54A7BEAB5}.Debug|Any CPU.Build.0 = Debug|Any CPU
		{00CCB194-2A7A-4F7B-A708-85C54A7BEAB5}.Release|Any CPU.ActiveCfg = Release|Any CPU
		{00CCB194-2A7A-4F7B-A708-85C54A7BEAB5}.Release|Any CPU.Build.0 = Release|Any CPU
		{71ACEC12-6077-4FDF-9F8E-4AC6F9EEF84D}.Debug|Any CPU.ActiveCfg = Debug|Any CPU
		{71ACEC12-6077-4FDF-9F8E-4AC6F9EEF84D}.Debug|Any CPU.Build.0 = Debug|Any CPU
		{71ACEC12-6077-4FDF-9F8E-4AC6F9EEF84D}.Release|Any CPU.ActiveCfg = Release|Any CPU
		{71ACEC12-6077-4FDF-9F8E-4AC6F9EEF84D}.Release|Any CPU.Build.0 = Release|Any CPU
		{EF06C944-A40A-48FF-A402-D90974B175E7}.Debug|Any CPU.ActiveCfg = Debug|Any CPU
		{EF06C944-A40A-48FF-A402-D90974B175E7}.Debug|Any CPU.Build.0 = Debug|Any CPU
		{EF06C944-A40A-48FF-A402-D90974B175E7}.Release|Any CPU.ActiveCfg = Release|Any CPU
		{EF06C944-A40A-48FF-A402-D90974B175E7}.Release|Any CPU.Build.0 = Release|Any CPU
		{B1279D6A-D988-4CD6-9FBD-1EE97FD03AC0}.Debug|Any CPU.ActiveCfg = Debug|Any CPU
		{B1279D6A-D988-4CD6-9FBD-1EE97FD03AC0}.Debug|Any CPU.Build.0 = Debug|Any CPU
		{B1279D6A-D988-4CD6-9FBD-1EE97FD03AC0}.Release|Any CPU.ActiveCfg = Release|Any CPU
		{B1279D6A-D988-4CD6-9FBD-1EE97FD03AC0}.Release|Any CPU.Build.0 = Release|Any CPU
		{FBF7ADEA-7E4F-4FB3-8C92-7621D071DE2F}.Debug|Any CPU.ActiveCfg = Debug|Any CPU
		{FBF7ADEA-7E4F-4FB3-8C92-7621D071DE2F}.Debug|Any CPU.Build.0 = Debug|Any CPU
		{FBF7ADEA-7E4F-4FB3-8C92-7621D071DE2F}.Release|Any CPU.ActiveCfg = Release|Any CPU
		{FBF7ADEA-7E4F-4FB3-8C92-7621D071DE2F}.Release|Any CPU.Build.0 = Release|Any CPU
		{7534A948-20D0-48DB-BF29-7D03032673C6}.Debug|Any CPU.ActiveCfg = Debug|Any CPU
		{7534A948-20D0-48DB-BF29-7D03032673C6}.Debug|Any CPU.Build.0 = Debug|Any CPU
		{7534A948-20D0-48DB-BF29-7D03032673C6}.Release|Any CPU.ActiveCfg = Release|Any CPU
		{7534A948-20D0-48DB-BF29-7D03032673C6}.Release|Any CPU.Build.0 = Release|Any CPU
		{3E77DBC0-109F-47B1-A55E-C6BF5D8472D8}.Debug|Any CPU.ActiveCfg = Debug|Any CPU
		{3E77DBC0-109F-47B1-A55E-C6BF5D8472D8}.Debug|Any CPU.Build.0 = Debug|Any CPU
		{3E77DBC0-109F-47B1-A55E-C6BF5D8472D8}.Release|Any CPU.ActiveCfg = Release|Any CPU
		{3E77DBC0-109F-47B1-A55E-C6BF5D8472D8}.Release|Any CPU.Build.0 = Release|Any CPU
		{3A2EA018-23D4-493D-AF97-B09C07A25388}.Debug|Any CPU.ActiveCfg = Debug|Any CPU
		{3A2EA018-23D4-493D-AF97-B09C07A25388}.Debug|Any CPU.Build.0 = Debug|Any CPU
		{3A2EA018-23D4-493D-AF97-B09C07A25388}.Release|Any CPU.ActiveCfg = Release|Any CPU
		{3A2EA018-23D4-493D-AF97-B09C07A25388}.Release|Any CPU.Build.0 = Release|Any CPU
		{BDF34798-B49F-448A-98A8-BFC82756C2AE}.Debug|Any CPU.ActiveCfg = Debug|Any CPU
		{BDF34798-B49F-448A-98A8-BFC82756C2AE}.Debug|Any CPU.Build.0 = Debug|Any CPU
		{BDF34798-B49F-448A-98A8-BFC82756C2AE}.Release|Any CPU.ActiveCfg = Release|Any CPU
		{BDF34798-B49F-448A-98A8-BFC82756C2AE}.Release|Any CPU.Build.0 = Release|Any CPU
		{57BB07B8-74A0-4634-BA85-43291E07EFCD}.Debug|Any CPU.ActiveCfg = Debug|Any CPU
		{57BB07B8-74A0-4634-BA85-43291E07EFCD}.Debug|Any CPU.Build.0 = Debug|Any CPU
		{57BB07B8-74A0-4634-BA85-43291E07EFCD}.Release|Any CPU.ActiveCfg = Release|Any CPU
		{57BB07B8-74A0-4634-BA85-43291E07EFCD}.Release|Any CPU.Build.0 = Release|Any CPU
		{92786674-AA21-4108-B913-F2C57DC1FC91}.Debug|Any CPU.ActiveCfg = Debug|Any CPU
		{92786674-AA21-4108-B913-F2C57DC1FC91}.Debug|Any CPU.Build.0 = Debug|Any CPU
		{92786674-AA21-4108-B913-F2C57DC1FC91}.Release|Any CPU.ActiveCfg = Release|Any CPU
		{92786674-AA21-4108-B913-F2C57DC1FC91}.Release|Any CPU.Build.0 = Release|Any CPU
		{BB42947D-7BA4-41BF-AC1B-4AC96368EDB5}.Debug|Any CPU.ActiveCfg = Debug|Any CPU
		{BB42947D-7BA4-41BF-AC1B-4AC96368EDB5}.Debug|Any CPU.Build.0 = Debug|Any CPU
		{BB42947D-7BA4-41BF-AC1B-4AC96368EDB5}.Release|Any CPU.ActiveCfg = Release|Any CPU
		{BB42947D-7BA4-41BF-AC1B-4AC96368EDB5}.Release|Any CPU.Build.0 = Release|Any CPU
		{59A21CE0-305C-4E3B-85AA-3FE879DE6196}.Debug|Any CPU.ActiveCfg = Debug|Any CPU
		{59A21CE0-305C-4E3B-85AA-3FE879DE6196}.Debug|Any CPU.Build.0 = Debug|Any CPU
		{59A21CE0-305C-4E3B-85AA-3FE879DE6196}.Release|Any CPU.ActiveCfg = Release|Any CPU
		{59A21CE0-305C-4E3B-85AA-3FE879DE6196}.Release|Any CPU.Build.0 = Release|Any CPU
		{DAE12D0A-F370-44E2-8BBB-DFEFD32D4C7B}.Debug|Any CPU.ActiveCfg = Debug|Any CPU
		{DAE12D0A-F370-44E2-8BBB-DFEFD32D4C7B}.Debug|Any CPU.Build.0 = Debug|Any CPU
		{DAE12D0A-F370-44E2-8BBB-DFEFD32D4C7B}.Release|Any CPU.ActiveCfg = Release|Any CPU
		{DAE12D0A-F370-44E2-8BBB-DFEFD32D4C7B}.Release|Any CPU.Build.0 = Release|Any CPU
		{8A1906F0-7039-42BD-BD5C-6991C5B22839}.Debug|Any CPU.ActiveCfg = Debug|Any CPU
		{8A1906F0-7039-42BD-BD5C-6991C5B22839}.Debug|Any CPU.Build.0 = Debug|Any CPU
		{8A1906F0-7039-42BD-BD5C-6991C5B22839}.Release|Any CPU.ActiveCfg = Release|Any CPU
		{8A1906F0-7039-42BD-BD5C-6991C5B22839}.Release|Any CPU.Build.0 = Release|Any CPU
		{4CCF3D30-319B-4B99-B6FA-24741F849E8F}.Debug|Any CPU.ActiveCfg = Debug|Any CPU
		{4CCF3D30-319B-4B99-B6FA-24741F849E8F}.Debug|Any CPU.Build.0 = Debug|Any CPU
		{4CCF3D30-319B-4B99-B6FA-24741F849E8F}.Release|Any CPU.ActiveCfg = Release|Any CPU
		{4CCF3D30-319B-4B99-B6FA-24741F849E8F}.Release|Any CPU.Build.0 = Release|Any CPU
		{78D0E209-BA67-4FA5-9920-DD281641AD07}.Debug|Any CPU.ActiveCfg = Debug|Any CPU
		{78D0E209-BA67-4FA5-9920-DD281641AD07}.Debug|Any CPU.Build.0 = Debug|Any CPU
		{78D0E209-BA67-4FA5-9920-DD281641AD07}.Release|Any CPU.ActiveCfg = Release|Any CPU
		{78D0E209-BA67-4FA5-9920-DD281641AD07}.Release|Any CPU.Build.0 = Release|Any CPU
		{8C838E91-60FB-45A0-8F6E-028D4BE4A329}.Debug|Any CPU.ActiveCfg = Debug|Any CPU
		{8C838E91-60FB-45A0-8F6E-028D4BE4A329}.Debug|Any CPU.Build.0 = Debug|Any CPU
		{8C838E91-60FB-45A0-8F6E-028D4BE4A329}.Release|Any CPU.ActiveCfg = Release|Any CPU
		{8C838E91-60FB-45A0-8F6E-028D4BE4A329}.Release|Any CPU.Build.0 = Release|Any CPU
	EndGlobalSection
	GlobalSection(SolutionProperties) = preSolution
		HideSolutionNode = FALSE
	EndGlobalSection
	GlobalSection(NestedProjects) = preSolution
		{9EBA8C6A-107E-4840-9D91-8398E12858AD} = {296288D7-926D-46A2-9862-D6FB5C7FE6F2}
		{00CCB194-2A7A-4F7B-A708-85C54A7BEAB5} = {296288D7-926D-46A2-9862-D6FB5C7FE6F2}
		{71ACEC12-6077-4FDF-9F8E-4AC6F9EEF84D} = {296288D7-926D-46A2-9862-D6FB5C7FE6F2}
		{EF06C944-A40A-48FF-A402-D90974B175E7} = {296288D7-926D-46A2-9862-D6FB5C7FE6F2}
		{B1279D6A-D988-4CD6-9FBD-1EE97FD03AC0} = {296288D7-926D-46A2-9862-D6FB5C7FE6F2}
		{FBF7ADEA-7E4F-4FB3-8C92-7621D071DE2F} = {296288D7-926D-46A2-9862-D6FB5C7FE6F2}
	EndGlobalSection
EndGlobal
